
Microsoft Visual Studio Solution File, Format Version 11.00
# Visual Studio 2010
Project("{54435603-DBB4-11D2-8724-00A0C9A8B90C}") = "Code_And_Decode_Setup", "Code_And_Decode_Setup\Code_And_Decode_Setup.vdproj", "{0BCA4F70-EAFD-4F0A-8D92-40285DF82DD8}"
EndProject
Global
	GlobalSection(SolutionConfigurationPlatforms) = preSolution
		Debug|Default = Debug|Default
		Release|Default = Release|Default
	EndGlobalSection
	GlobalSection(ProjectConfigurationPlatforms) = postSolution
		{0BCA4F70-EAFD-4F0A-8D92-40285DF82DD8}.Debug|Default.ActiveCfg = Debug
		{0BCA4F70-EAFD-4F0A-8D92-40285DF82DD8}.Debug|Default.Build.0 = Debug
		{0BCA4F70-EAFD-4F0A-8D92-40285DF82DD8}.Release|Default.ActiveCfg = Release
		{0BCA4F70-EAFD-4F0A-8D92-40285DF82DD8}.Release|Default.Build.0 = Release
	EndGlobalSection
	GlobalSection(SolutionProperties) = preSolution
		HideSolutionNode = FALSE
	EndGlobalSection
EndGlobal
